// !$*UTF8*$!
{
	archiveVersion = 1;
	classes = {
	};
	objectVersion = 50;
	objects = {

/* Begin PBXBuildFile section */
		5D08EDB025E607E0008B5B49 /* Walkthrough_ScreenApp.swift in Sources */ = {isa = PBXBuildFile; fileRef = 5D08EDAF25E607E0008B5B49 /* Walkthrough_ScreenApp.swift */; };
		5D08EDB225E607E0008B5B49 /* ContentView.swift in Sources */ = {isa = PBXBuildFile; fileRef = 5D08EDB125E607E0008B5B49 /* ContentView.swift */; };
		5D08EDB425E607E2008B5B49 /* Assets.xcassets in Resources */ = {isa = PBXBuildFile; fileRef = 5D08EDB325E607E2008B5B49 /* Assets.xcassets */; };
		5D08EDB725E607E2008B5B49 /* Preview Assets.xcassets in Resources */ = {isa = PBXBuildFile; fileRef = 5D08EDB625E607E2008B5B49 /* Preview Assets.xcassets */; };
		5D08EDC225E607E2008B5B49 /* Walkthrough_ScreenTests.swift in Sources */ = {isa = PBXBuildFile; fileRef = 5D08EDC125E607E2008B5B49 /* Walkthrough_ScreenTests.swift */; };
		5D08EDCD25E607E2008B5B49 /* Walkthrough_ScreenUITests.swift in Sources */ = {isa = PBXBuildFile; fileRef = 5D08EDCC25E607E2008B5B49 /* Walkthrough_ScreenUITests.swift */; };
/* End PBXBuildFile section */

/* Begin PBXContainerItemProxy section */
		5D08EDBE25E607E2008B5B49 /* PBXContainerItemProxy */ = {
			isa = PBXContainerItemProxy;
			containerPortal = 5D08EDA425E607DF008B5B49 /* Project object */;
			proxyType = 1;
			remoteGlobalIDString = 5D08EDAB25E607E0008B5B49;
			remoteInfo = Walkthrough_Screen;
		};
		5D08EDC925E607E2008B5B49 /* PBXContainerItemProxy */ = {
			isa = PBXContainerItemProxy;
			containerPortal = 5D08EDA425E607DF008B5B49 /* Project object */;
			proxyType = 1;
			remoteGlobalIDString = 5D08EDAB25E607E0008B5B49;
			remoteInfo = Walkthrough_Screen;
		};
/* End PBXContainerItemProxy section */

/* Begin PBXFileReference section */
		5D08EDAC25E607E0008B5B49 /* Walkthrough_Screen.app */ = {isa = PBXFileReference; explicitFileType = wrapper.application; includeInIndex = 0; path = Walkthrough_Screen.app; sourceTree = BUILT_PRODUCTS_DIR; };
		5D08EDAF25E607E0008B5B49 /* Walkthrough_ScreenApp.swift */ = {isa = PBXFileReference; lastKnownFileType = sourcecode.swift; path = Walkthrough_ScreenApp.swift; sourceTree = "<group>"; };
		5D08EDB125E607E0008B5B49 /* ContentView.swift */ = {isa = PBXFileReference; lastKnownFileType = sourcecode.swift; path = ContentView.swift; sourceTree = "<group>"; };
		5D08EDB325E607E2008B5B49 /* Assets.xcassets */ = {isa = PBXFileReference; lastKnownFileType = folder.assetcatalog; path = Assets.xcassets; sourceTree = "<group>"; };
		5D08EDB625E607E2008B5B49 /* Preview Assets.xcassets */ = {isa = PBXFileReference; lastKnownFileType = folder.assetcatalog; path = "Preview Assets.xcassets"; sourceTree = "<group>"; };
		5D08EDB825E607E2008B5B49 /* Info.plist */ = {isa = PBXFileReference; lastKnownFileType = text.plist.xml; path = Info.plist; sourceTree = "<group>"; };
		5D08EDBD25E607E2008B5B49 /* Walkthrough_ScreenTests.xctest */ = {isa = PBXFileReference; explicitFileType = wrapper.cfbundle; includeInIndex = 0; path = Walkthrough_ScreenTests.xctest; sourceTree = BUILT_PRODUCTS_DIR; };
		5D08EDC125E607E2008B5B49 /* Walkthrough_ScreenTests.swift */ = {isa = PBXFileReference; lastKnownFileType = sourcecode.swift; path = Walkthrough_ScreenTests.swift; sourceTree = "<group>"; };
		5D08EDC325E607E2008B5B49 /* Info.plist */ = {isa = PBXFileReference; lastKnownFileType = text.plist.xml; path = Info.plist; sourceTree = "<group>"; };
		5D08EDC825E607E2008B5B49 /* Walkthrough_ScreenUITests.xctest */ = {isa = PBXFileReference; explicitFileType = wrapper.cfbundle; includeInIndex = 0; path = Walkthrough_ScreenUITests.xctest; sourceTree = BUILT_PRODUCTS_DIR; };
		5D08EDCC25E607E2008B5B49 /* Walkthrough_ScreenUITests.swift */ = {isa = PBXFileReference; lastKnownFileType = sourcecode.swift; path = Walkthrough_ScreenUITests.swift; sourceTree = "<group>"; };
		5D08EDCE25E607E2008B5B49 /* Info.plist */ = {isa = PBXFileReference; lastKnownFileType = text.plist.xml; path = Info.plist; sourceTree = "<group>"; };
/* End PBXFileReference section */

/* Begin PBXFrameworksBuildPhase section */
		5D08EDA925E607E0008B5B49 /* Frameworks */ = {
			isa = PBXFrameworksBuildPhase;
			buildActionMask = 2147483647;
			files = (
			);
			runOnlyForDeploymentPostprocessing = 0;
		};
		5D08EDBA25E607E2008B5B49 /* Frameworks */ = {
			isa = PBXFrameworksBuildPhase;
			buildActionMask = 2147483647;
			files = (
			);
			runOnlyForDeploymentPostprocessing = 0;
		};
		5D08EDC525E607E2008B5B49 /* Frameworks */ = {
			isa = PBXFrameworksBuildPhase;
			buildActionMask = 2147483647;
			files = (
			);
			runOnlyForDeploymentPostprocessing = 0;
		};
/* End PBXFrameworksBuildPhase section */

/* Begin PBXGroup section */
		5D08EDA325E607DF008B5B49 = {
			isa = PBXGroup;
			children = (
				5D08EDAE25E607E0008B5B49 /* Walkthrough_Screen */,
				5D08EDC025E607E2008B5B49 /* Walkthrough_ScreenTests */,
				5D08EDCB25E607E2008B5B49 /* Walkthrough_ScreenUITests */,
				5D08EDAD25E607E0008B5B49 /* Products */,
			);
			sourceTree = "<group>";
		};
		5D08EDAD25E607E0008B5B49 /* Products */ = {
			isa = PBXGroup;
			children = (
				5D08EDAC25E607E0008B5B49 /* Walkthrough_Screen.app */,
				5D08EDBD25E607E2008B5B49 /* Walkthrough_ScreenTests.xctest */,
				5D08EDC825E607E2008B5B49 /* Walkthrough_ScreenUITests.xctest */,
			);
			name = Products;
			sourceTree = "<group>";
		};
		5D08EDAE25E607E0008B5B49 /* Walkthrough_Screen */ = {
			isa = PBXGroup;
			children = (
				5D08EDAF25E607E0008B5B49 /* Walkthrough_ScreenApp.swift */,
				5D08EDB125E607E0008B5B49 /* ContentView.swift */,
				5D08EDB325E607E2008B5B49 /* Assets.xcassets */,
				5D08EDB825E607E2008B5B49 /* Info.plist */,
				5D08EDB525E607E2008B5B49 /* Preview Content */,
			);
			path = Walkthrough_Screen;
			sourceTree = "<group>";
		};
		5D08EDB525E607E2008B5B49 /* Preview Content */ = {
			isa = PBXGroup;
			children = (
				5D08EDB625E607E2008B5B49 /* Preview Assets.xcassets */,
			);
			path = "Preview Content";
			sourceTree = "<group>";
		};
		5D08EDC025E607E2008B5B49 /* Walkthrough_ScreenTests */ = {
			isa = PBXGroup;
			children = (
				5D08EDC125E607E2008B5B49 /* Walkthrough_ScreenTests.swift */,
				5D08EDC325E607E2008B5B49 /* Info.plist */,
			);
			path = Walkthrough_ScreenTests;
			sourceTree = "<group>";
		};
		5D08EDCB25E607E2008B5B49 /* Walkthrough_ScreenUITests */ = {
			isa = PBXGroup;
			children = (
				5D08EDCC25E607E2008B5B49 /* Walkthrough_ScreenUITests.swift */,
				5D08EDCE25E607E2008B5B49 /* Info.plist */,
			);
			path = Walkthrough_ScreenUITests;
			sourceTree = "<group>";
		};
/* End PBXGroup section */

/* Begin PBXNativeTarget section */
		5D08EDAB25E607E0008B5B49 /* Walkthrough_Screen */ = {
			isa = PBXNativeTarget;
			buildConfigurationList = 5D08EDD125E607E2008B5B49 /* Build configuration list for PBXNativeTarget "Walkthrough_Screen" */;
			buildPhases = (
				5D08EDA825E607E0008B5B49 /* Sources */,
				5D08EDA925E607E0008B5B49 /* Frameworks */,
				5D08EDAA25E607E0008B5B49 /* Resources */,
			);
			buildRules = (
			);
			dependencies = (
			);
			name = Walkthrough_Screen;
			productName = Walkthrough_Screen;
			productReference = 5D08EDAC25E607E0008B5B49 /* Walkthrough_Screen.app */;
			productType = "com.apple.product-type.application";
		};
		5D08EDBC25E607E2008B5B49 /* Walkthrough_ScreenTests */ = {
			isa = PBXNativeTarget;
			buildConfigurationList = 5D08EDD425E607E2008B5B49 /* Build configuration list for PBXNativeTarget "Walkthrough_ScreenTests" */;
			buildPhases = (
				5D08EDB925E607E2008B5B49 /* Sources */,
				5D08EDBA25E607E2008B5B49 /* Frameworks */,
				5D08EDBB25E607E2008B5B49 /* Resources */,
			);
			buildRules = (
			);
			dependencies = (
				5D08EDBF25E607E2008B5B49 /* PBXTargetDependency */,
			);
			name = Walkthrough_ScreenTests;
			productName = Walkthrough_ScreenTests;
			productReference = 5D08EDBD25E607E2008B5B49 /* Walkthrough_ScreenTests.xctest */;
			productType = "com.apple.product-type.bundle.unit-test";
		};
		5D08EDC725E607E2008B5B49 /* Walkthrough_ScreenUITests */ = {
			isa = PBXNativeTarget;
			buildConfigurationList = 5D08EDD725E607E2008B5B49 /* Build configuration list for PBXNativeTarget "Walkthrough_ScreenUITests" */;
			buildPhases = (
				5D08EDC425E607E2008B5B49 /* Sources */,
				5D08EDC525E607E2008B5B49 /* Frameworks */,
				5D08EDC625E607E2008B5B49 /* Resources */,
			);
			buildRules = (
			);
			dependencies = (
				5D08EDCA25E607E2008B5B49 /* PBXTargetDependency */,
			);
			name = Walkthrough_ScreenUITests;
			productName = Walkthrough_ScreenUITests;
			productReference = 5D08EDC825E607E2008B5B49 /* Walkthrough_ScreenUITests.xctest */;
			productType = "com.apple.product-type.bundle.ui-testing";
		};
/* End PBXNativeTarget section */

/* Begin PBXProject section */
		5D08EDA425E607DF008B5B49 /* Project object */ = {
			isa = PBXProject;
			attributes = {
				LastSwiftUpdateCheck = 1240;
				LastUpgradeCheck = 1240;
				TargetAttributes = {
					5D08EDAB25E607E0008B5B49 = {
						CreatedOnToolsVersion = 12.4;
					};
					5D08EDBC25E607E2008B5B49 = {
						CreatedOnToolsVersion = 12.4;
						TestTargetID = 5D08EDAB25E607E0008B5B49;
					};
					5D08EDC725E607E2008B5B49 = {
						CreatedOnToolsVersion = 12.4;
						TestTargetID = 5D08EDAB25E607E0008B5B49;
					};
				};
			};
			buildConfigurationList = 5D08EDA725E607DF008B5B49 /* Build configuration list for PBXProject "Walkthrough_Screen" */;
			compatibilityVersion = "Xcode 9.3";
			developmentRegion = en;
			hasScannedForEncodings = 0;
			knownRegions = (
				en,
				Base,
			);
			mainGroup = 5D08EDA325E607DF008B5B49;
			productRefGroup = 5D08EDAD25E607E0008B5B49 /* Products */;
			projectDirPath = "";
			projectRoot = "";
			targets = (
				5D08EDAB25E607E0008B5B49 /* Walkthrough_Screen */,
				5D08EDBC25E607E2008B5B49 /* Walkthrough_ScreenTests */,
				5D08EDC725E607E2008B5B49 /* Walkthrough_ScreenUITests */,
			);
		};
/* End PBXProject section */

/* Begin PBXResourcesBuildPhase section */
		5D08EDAA25E607E0008B5B49 /* Resources */ = {
			isa = PBXResourcesBuildPhase;
			buildActionMask = 2147483647;
			files = (
				5D08EDB725E607E2008B5B49 /* Preview Assets.xcassets in Resources */,
				5D08EDB425E607E2008B5B49 /* Assets.xcassets in Resources */,
			);
			runOnlyForDeploymentPostprocessing = 0;
		};
		5D08EDBB25E607E2008B5B49 /* Resources */ = {
			isa = PBXResourcesBuildPhase;
			buildActionMask = 2147483647;
			files = (
			);
			runOnlyForDeploymentPostprocessing = 0;
		};
		5D08EDC625E607E2008B5B49 /* Resources */ = {
			isa = PBXResourcesBuildPhase;
			buildActionMask = 2147483647;
			files = (
			);
			runOnlyForDeploymentPostprocessing = 0;
		};
/* End PBXResourcesBuildPhase section */

/* Begin PBXSourcesBuildPhase section */
		5D08EDA825E607E0008B5B49 /* Sources */ = {
			isa = PBXSourcesBuildPhase;
			buildActionMask = 2147483647;
			files = (
				5D08EDB225E607E0008B5B49 /* ContentView.swift in Sources */,
				5D08EDB025E607E0008B5B49 /* Walkthrough_ScreenApp.swift in Sources */,
			);
			runOnlyForDeploymentPostprocessing = 0;
		};
		5D08EDB925E607E2008B5B49 /* Sources */ = {
			isa = PBXSourcesBuildPhase;
			buildActionMask = 2147483647;
			files = (
				5D08EDC225E607E2008B5B49 /* Walkthrough_ScreenTests.swift in Sources */,
			);
			runOnlyForDeploymentPostprocessing = 0;
		};
		5D08EDC425E607E2008B5B49 /* Sources */ = {
			isa = PBXSourcesBuildPhase;
			buildActionMask = 2147483647;
			files = (
				5D08EDCD25E607E2008B5B49 /* Walkthrough_ScreenUITests.swift in Sources */,
			);
			runOnlyForDeploymentPostprocessing = 0;
		};
/* End PBXSourcesBuildPhase section */

/* Begin PBXTargetDependency section */
		5D08EDBF25E607E2008B5B49 /* PBXTargetDependency */ = {
			isa = PBXTargetDependency;
			target = 5D08EDAB25E607E0008B5B49 /* Walkthrough_Screen */;
			targetProxy = 5D08EDBE25E607E2008B5B49 /* PBXContainerItemProxy */;
		};
		5D08EDCA25E607E2008B5B49 /* PBXTargetDependency */ = {
			isa = PBXTargetDependency;
			target = 5D08EDAB25E607E0008B5B49 /* Walkthrough_Screen */;
			targetProxy = 5D08EDC925E607E2008B5B49 /* PBXContainerItemProxy */;
		};
/* End PBXTargetDependency section */

/* Begin XCBuildConfiguration section */
		5D08EDCF25E607E2008B5B49 /* Debug */ = {
			isa = XCBuildConfiguration;
			buildSettings = {
				ALWAYS_SEARCH_USER_PATHS = NO;
				CLANG_ANALYZER_NONNULL = YES;
				CLANG_ANALYZER_NUMBER_OBJECT_CONVERSION = YES_AGGRESSIVE;
				CLANG_CXX_LANGUAGE_STANDARD = "gnu++14";
				CLANG_CXX_LIBRARY = "libc++";
				CLANG_ENABLE_MODULES = YES;
				CLANG_ENABLE_OBJC_ARC = YES;
				CLANG_ENABLE_OBJC_WEAK = YES;
				CLANG_WARN_BLOCK_CAPTURE_AUTORELEASING = YES;
				CLANG_WARN_BOOL_CONVERSION = YES;
				CLANG_WARN_COMMA = YES;
				CLANG_WARN_CONSTANT_CONVERSION = YES;
				CLANG_WARN_DEPRECATED_OBJC_IMPLEMENTATIONS = YES;
				CLANG_WARN_DIRECT_OBJC_ISA_USAGE = YES_ERROR;
				CLANG_WARN_DOCUMENTATION_COMMENTS = YES;
				CLANG_WARN_EMPTY_BODY = YES;
				CLANG_WARN_ENUM_CONVERSION = YES;
				CLANG_WARN_INFINITE_RECURSION = YES;
				CLANG_WARN_INT_CONVERSION = YES;
				CLANG_WARN_NON_LITERAL_NULL_CONVERSION = YES;
				CLANG_WARN_OBJC_IMPLICIT_RETAIN_SELF = YES;
				CLANG_WARN_OBJC_LITERAL_CONVERSION = YES;
				CLANG_WARN_OBJC_ROOT_CLASS = YES_ERROR;
				CLANG_WARN_QUOTED_INCLUDE_IN_FRAMEWORK_HEADER = YES;
				CLANG_WARN_RANGE_LOOP_ANALYSIS = YES;
				CLANG_WARN_STRICT_PROTOTYPES = YES;
				CLANG_WARN_SUSPICIOUS_MOVE = YES;
				CLANG_WARN_UNGUARDED_AVAILABILITY = YES_AGGRESSIVE;
				CLANG_WARN_UNREACHABLE_CODE = YES;
				CLANG_WARN__DUPLICATE_METHOD_MATCH = YES;
				COPY_PHASE_STRIP = NO;
				DEBUG_INFORMATION_FORMAT = dwarf;
				ENABLE_STRICT_OBJC_MSGSEND = YES;
				ENABLE_TESTABILITY = YES;
				GCC_C_LANGUAGE_STANDARD = gnu11;
				GCC_DYNAMIC_NO_PIC = NO;
				GCC_NO_COMMON_BLOCKS = YES;
				GCC_OPTIMIZATION_LEVEL = 0;
				GCC_PREPROCESSOR_DEFINITIONS = (
					"DEBUG=1",
					"$(inherited)",
				);
				GCC_WARN_64_TO_32_BIT_CONVERSION = YES;
				GCC_WARN_ABOUT_RETURN_TYPE = YES_ERROR;
				GCC_WARN_UNDECLARED_SELECTOR = YES;
				GCC_WARN_UNINITIALIZED_AUTOS = YES_AGGRESSIVE;
				GCC_WARN_UNUSED_FUNCTION = YES;
				GCC_WARN_UNUSED_VARIABLE = YES;
				IPHONEOS_DEPLOYMENT_TARGET = 14.4;
				MTL_ENABLE_DEBUG_INFO = INCLUDE_SOURCE;
				MTL_FAST_MATH = YES;
				ONLY_ACTIVE_ARCH = YES;
				SDKROOT = iphoneos;
				SWIFT_ACTIVE_COMPILATION_CONDITIONS = DEBUG;
				SWIFT_OPTIMIZATION_LEVEL = "-Onone";
			};
			name = Debug;
		};
		5D08EDD025E607E2008B5B49 /* Release */ = {
			isa = XCBuildConfiguration;
			buildSettings = {
				ALWAYS_SEARCH_USER_PATHS = NO;
				CLANG_ANALYZER_NONNULL = YES;
				CLANG_ANALYZER_NUMBER_OBJECT_CONVERSION = YES_AGGRESSIVE;
				CLANG_CXX_LANGUAGE_STANDARD = "gnu++14";
				CLANG_CXX_LIBRARY = "libc++";
				CLANG_ENABLE_MODULES = YES;
				CLANG_ENABLE_OBJC_ARC = YES;
				CLANG_ENABLE_OBJC_WEAK = YES;
				CLANG_WARN_BLOCK_CAPTURE_AUTORELEASING = YES;
				CLANG_WARN_BOOL_CONVERSION = YES;
				CLANG_WARN_COMMA = YES;
				CLANG_WARN_CONSTANT_CONVERSION = YES;
				CLANG_WARN_DEPRECATED_OBJC_IMPLEMENTATIONS = YES;
				CLANG_WARN_DIRECT_OBJC_ISA_USAGE = YES_ERROR;
				CLANG_WARN_DOCUMENTATION_COMMENTS = YES;
				CLANG_WARN_EMPTY_BODY = YES;
				CLANG_WARN_ENUM_CONVERSION = YES;
				CLANG_WARN_INFINITE_RECURSION = YES;
				CLANG_WARN_INT_CONVERSION = YES;
				CLANG_WARN_NON_LITERAL_NULL_CONVERSION = YES;
				CLANG_WARN_OBJC_IMPLICIT_RETAIN_SELF = YES;
				CLANG_WARN_OBJC_LITERAL_CONVERSION = YES;
				CLANG_WARN_OBJC_ROOT_CLASS = YES_ERROR;
				CLANG_WARN_QUOTED_INCLUDE_IN_FRAMEWORK_HEADER = YES;
				CLANG_WARN_RANGE_LOOP_ANALYSIS = YES;
				CLANG_WARN_STRICT_PROTOTYPES = YES;
				CLANG_WARN_SUSPICIOUS_MOVE = YES;
				CLANG_WARN_UNGUARDED_AVAILABILITY = YES_AGGRESSIVE;
				CLANG_WARN_UNREACHABLE_CODE = YES;
				CLANG_WARN__DUPLICATE_METHOD_MATCH = YES;
				COPY_PHASE_STRIP = NO;
				DEBUG_INFORMATION_FORMAT = "dwarf-with-dsym";
				ENABLE_NS_ASSERTIONS = NO;
				ENABLE_STRICT_OBJC_MSGSEND = YES;
				GCC_C_LANGUAGE_STANDARD = gnu11;
				GCC_NO_COMMON_BLOCKS = YES;
				GCC_WARN_64_TO_32_BIT_CONVERSION = YES;
				GCC_WARN_ABOUT_RETURN_TYPE = YES_ERROR;
				GCC_WARN_UNDECLARED_SELECTOR = YES;
				GCC_WARN_UNINITIALIZED_AUTOS = YES_AGGRESSIVE;
				GCC_WARN_UNUSED_FUNCTION = YES;
				GCC_WARN_UNUSED_VARIABLE = YES;
				IPHONEOS_DEPLOYMENT_TARGET = 14.4;
				MTL_ENABLE_DEBUG_INFO = NO;
				MTL_FAST_MATH = YES;
				SDKROOT = iphoneos;
				SWIFT_COMPILATION_MODE = wholemodule;
				SWIFT_OPTIMIZATION_LEVEL = "-O";
				VALIDATE_PRODUCT = YES;
			};
			name = Release;
		};
		5D08EDD225E607E2008B5B49 /* Debug */ = {
			isa = XCBuildConfiguration;
			buildSettings = {
				ASSETCATALOG_COMPILER_APPICON_NAME = AppIcon;
				ASSETCATALOG_COMPILER_GLOBAL_ACCENT_COLOR_NAME = AccentColor;
				CODE_SIGN_STYLE = Automatic;
				DEVELOPMENT_ASSET_PATHS = "\"Walkthrough_Screen/Preview Content\"";
				DEVELOPMENT_TEAM = GF88UVWV8D;
				ENABLE_PREVIEWS = YES;
				INFOPLIST_FILE = Walkthrough_Screen/Info.plist;
				IPHONEOS_DEPLOYMENT_TARGET = 14.0;
				LD_RUNPATH_SEARCH_PATHS = (
					"$(inherited)",
					"@executable_path/Frameworks",
				);
				PRODUCT_BUNDLE_IDENTIFIER = "com.eryushion.Walkthrough-Screen";
				PRODUCT_NAME = "$(TARGET_NAME)";
				SWIFT_VERSION = 5.0;
				TARGETED_DEVICE_FAMILY = "1,2";
			};
			name = Debug;
		};
		5D08EDD325E607E2008B5B49 /* Release */ = {
			isa = XCBuildConfiguration;
			buildSettings = {
				ASSETCATALOG_COMPILER_APPICON_NAME = AppIcon;
				ASSETCATALOG_COMPILER_GLOBAL_ACCENT_COLOR_NAME = AccentColor;
				CODE_SIGN_STYLE = Automatic;
				DEVELOPMENT_ASSET_PATHS = "\"Walkthrough_Screen/Preview Content\"";
				DEVELOPMENT_TEAM = GF88UVWV8D;
				ENABLE_PREVIEWS = YES;
				INFOPLIST_FILE = Walkthrough_Screen/Info.plist;
				IPHONEOS_DEPLOYMENT_TARGET = 14.0;
				LD_RUNPATH_SEARCH_PATHS = (
					"$(inherited)",
					"@executable_path/Frameworks",
				);
				PRODUCT_BUNDLE_IDENTIFIER = "com.eryushion.Walkthrough-Screen";
				PRODUCT_NAME = "$(TARGET_NAME)";
				SWIFT_VERSION = 5.0;
				TARGETED_DEVICE_FAMILY = "1,2";
			};
			name = Release;
		};
		5D08EDD525E607E2008B5B49 /* Debug */ = {
			isa = XCBuildConfiguration;
			buildSettings = {
				ALWAYS_EMBED_SWIFT_STANDARD_LIBRARIES = YES;
				BUNDLE_LOADER = "$(TEST_HOST)";
				CODE_SIGN_STYLE = Automatic;
				DEVELOPMENT_TEAM = GF88UVWV8D;
				INFOPLIST_FILE = Walkthrough_ScreenTests/Info.plist;
				IPHONEOS_DEPLOYMENT_TARGET = 14.0;
				LD_RUNPATH_SEARCH_PATHS = (
					"$(inherited)",
					"@executable_path/Frameworks",
					"@loader_path/Frameworks",
				);
				PRODUCT_BUNDLE_IDENTIFIER = "com.eryushion.Walkthrough-ScreenTests";
				PRODUCT_NAME = "$(TARGET_NAME)";
				SWIFT_VERSION = 5.0;
				TARGETED_DEVICE_FAMILY = "1,2";
				TEST_HOST = "$(BUILT_PRODUCTS_DIR)/Walkthrough_Screen.app/Walkthrough_Screen";
			};
			name = Debug;
		};
		5D08EDD625E607E2008B5B49 /* Release */ = {
			isa = XCBuildConfiguration;
			buildSettings = {
				ALWAYS_EMBED_SWIFT_STANDARD_LIBRARIES = YES;
				BUNDLE_LOADER = "$(TEST_HOST)";
				CODE_SIGN_STYLE = Automatic;
				DEVELOPMENT_TEAM = GF88UVWV8D;
				INFOPLIST_FILE = Walkthrough_ScreenTests/Info.plist;
				IPHONEOS_DEPLOYMENT_TARGET = 14.0;
				LD_RUNPATH_SEARCH_PATHS = (
					"$(inherited)",
					"@executable_path/Frameworks",
					"@loader_path/Frameworks",
				);
				PRODUCT_BUNDLE_IDENTIFIER = "com.eryushion.Walkthrough-ScreenTests";
				PRODUCT_NAME = "$(TARGET_NAME)";
				SWIFT_VERSION = 5.0;
				TARGETED_DEVICE_FAMILY = "1,2";
				TEST_HOST = "$(BUILT_PRODUCTS_DIR)/Walkthrough_Screen.app/Walkthrough_Screen";
			};
			name = Release;
		};
		5D08EDD825E607E2008B5B49 /* Debug */ = {
			isa = XCBuildConfiguration;
			buildSettings = {
				ALWAYS_EMBED_SWIFT_STANDARD_LIBRARIES = YES;
				CODE_SIGN_STYLE = Automatic;
				DEVELOPMENT_TEAM = GF88UVWV8D;
				INFOPLIST_FILE = Walkthrough_ScreenUITests/Info.plist;
				LD_RUNPATH_SEARCH_PATHS = (
					"$(inherited)",
					"@executable_path/Frameworks",
					"@loader_path/Frameworks",
				);
				PRODUCT_BUNDLE_IDENTIFIER = "com.eryushion.Walkthrough-ScreenUITests";
				PRODUCT_NAME = "$(TARGET_NAME)";
				SWIFT_VERSION = 5.0;
				TARGETED_DEVICE_FAMILY = "1,2";
				TEST_TARGET_NAME = Walkthrough_Screen;
			};
			name = Debug;
		};
		5D08EDD925E607E2008B5B49 /* Release */ = {
			isa = XCBuildConfiguration;
			buildSettings = {
				ALWAYS_EMBED_SWIFT_STANDARD_LIBRARIES = YES;
				CODE_SIGN_STYLE = Automatic;
				DEVELOPMENT_TEAM = GF88UVWV8D;
				INFOPLIST_FILE = Walkthrough_ScreenUITests/Info.plist;
				LD_RUNPATH_SEARCH_PATHS = (
					"$(inherited)",
					"@executable_path/Frameworks",
					"@loader_path/Frameworks",
				);
				PRODUCT_BUNDLE_IDENTIFIER = "com.eryushion.Walkthrough-ScreenUITests";
				PRODUCT_NAME = "$(TARGET_NAME)";
				SWIFT_VERSION = 5.0;
				TARGETED_DEVICE_FAMILY = "1,2";
				TEST_TARGET_NAME = Walkthrough_Screen;
			};
			name = Release;
		};
/* End XCBuildConfiguration section */

/* Begin XCConfigurationList section */
		5D08EDA725E607DF008B5B49 /* Build configuration list for PBXProject "Walkthrough_Screen" */ = {
			isa = XCConfigurationList;
			buildConfigurations = (
				5D08EDCF25E607E2008B5B49 /* Debug */,
				5D08EDD025E607E2008B5B49 /* Release */,
			);
			defaultConfigurationIsVisible = 0;
			defaultConfigurationName = Release;
		};
		5D08EDD125E607E2008B5B49 /* Build configuration list for PBXNativeTarget "Walkthrough_Screen" */ = {
			isa = XCConfigurationList;
			buildConfigurations = (
				5D08EDD225E607E2008B5B49 /* Debug */,
				5D08EDD325E607E2008B5B49 /* Release */,
			);
			defaultConfigurationIsVisible = 0;
			defaultConfigurationName = Release;
		};
		5D08EDD425E607E2008B5B49 /* Build configuration list for PBXNativeTarget "Walkthrough_ScreenTests" */ = {
			isa = XCConfigurationList;
			buildConfigurations = (
				5D08EDD525E607E2008B5B49 /* Debug */,
				5D08EDD625E607E2008B5B49 /* Release */,
			);
			defaultConfigurationIsVisible = 0;
			defaultConfigurationName = Release;
		};
		5D08EDD725E607E2008B5B49 /* Build configuration list for PBXNativeTarget "Walkthrough_ScreenUITests" */ = {
			isa = XCConfigurationList;
			buildConfigurations = (
				5D08EDD825E607E2008B5B49 /* Debug */,
				5D08EDD925E607E2008B5B49 /* Release */,
			);
			defaultConfigurationIsVisible = 0;
			defaultConfigurationName = Release;
		};
/* End XCConfigurationList section */
	};
	rootObject = 5D08EDA425E607DF008B5B49 /* Project object */;
}
